
Microsoft Visual Studio Solution File, Format Version 12.00
# Visual Studio Version 17
VisualStudioVersion = 17.10.34804.81
MinimumVisualStudioVersion = 10.0.40219.1
Project("{9A19103F-16F7-4668-BE54-9A1E7A4F7556}") = "MyApplication", "MyApplication.csproj", "{39AA6D41-CCE1-4D42-9D77-72A533E5678A}"
EndProject
Global
	GlobalSection(SolutionConfigurationPlatforms) = preSolution
		Debug|Any CPU = Debug|Any CPU
		Release|Any CPU = Release|Any CPU
	EndGlobalSection
	GlobalSection(ProjectConfigurationPlatforms) = postSolution
		{39AA6D41-CCE1-4D42-9D77-72A533E5678A}.Debug|Any CPU.ActiveCfg = Debug|Any CPU
		{39AA6D41-CCE1-4D42-9D77-72A533E5678A}.Debug|Any CPU.Build.0 = Debug|Any CPU
		{39AA6D41-CCE1-4D42-9D77-72A533E5678A}.Release|Any CPU.ActiveCfg = Release|Any CPU
		{39AA6D41-CCE1-4D42-9D77-72A533E5678A}.Release|Any CPU.Build.0 = Release|Any CPU
	EndGlobalSection
	GlobalSection(SolutionProperties) = preSolution
		HideSolutionNode = FALSE
	EndGlobalSection
	GlobalSection(ExtensibilityGlobals) = postSolution
		SolutionGuid = {DC9BD0A8-061B-4A5E-83A7-48FA017B99E1}
	EndGlobalSection
EndGlobal
